{
  "name": "deploy",
  "lockfileVersion": 3,
  "requires": true,
  "packages": {
    "": {
      "dependencies": {
        "@samkirkland/ftp-deploy": "^1.2.5",
        "commander": "^14.0.0"
      }
    },
    "node_modules/@jsdevtools/file-path-filter": {
      "version": "3.0.2",
      "resolved": "https://registry.npmjs.org/@jsdevtools/file-path-filter/-/file-path-filter-3.0.2.tgz",
      "integrity": "sha512-+SbZG6stIE/nRF2PpRnubtuzhh4pouDsk/hEWwM5mKsSKlFfr4ziAE5VMogGG/K++i9NHbUTxxW0y4vdM678ew==",
      "dependencies": {
        "glob-to-regexp": "^0.4.1"
      },
      "engines": {
        "node": ">=10"
      }
    },
    "node_modules/@jsdevtools/readdir-enhanced": {
      "version": "6.0.4",
      "resolved": "https://registry.npmjs.org/@jsdevtools/readdir-enhanced/-/readdir-enhanced-6.0.4.tgz",
      "integrity": "sha512-I6D6Omu6C7XWHzvlVbXeCS0FSxYYQ13XzdrFuo1K30unnRSpdt9AxY2KyJZbYJyfI2uNNidqDkG9/K/y699AjA==",
      "dependencies": {
        "@jsdevtools/file-path-filter": "^3.0.2"
      },
      "engines": {
        "node": ">=10"
      }
    },
    "node_modules/@samkirkland/ftp-deploy": {
      "version": "1.2.5",
      "resolved": "https://registry.npmjs.org/@samkirkland/ftp-deploy/-/ftp-deploy-1.2.5.tgz",
      "integrity": "sha512-UZJKpb46FOGLmjgLiQDmzU/3zZUP1ckCaJG6xaHQ1igAGydLm6ctYmQO9gupJYs3HzEYkLXzU5AZGOb4RuHTjw==",
      "dependencies": {
        "basic-ftp": "^5.0.5",
        "lodash": "^4.17.21",
        "multimatch": "^5.0.0",
        "pretty-bytes": "^5.6.0",
        "pretty-ms": "^7.0.1",
        "readdir-enhanced": "^6.0.4",
        "yargs": "^17.7.1"
      },
      "bin": {
        "ftp-deploy": "dist/cli.js"
      }
    },
    "node_modules/@types/minimatch": {
      "version": "3.0.5",
      "resolved": "https://registry.npmjs.org/@types/minimatch/-/minimatch-3.0.5.tgz",
      "integrity": "sha512-Klz949h02Gz2uZCMGwDUSDS1YBlTdDDgbWHi+81l29tQALUtvz4rAYi5uoVhE5Lagoq6DeqAUlbrHvW/mXDgdQ=="
    },
    "node_modules/ansi-regex": {
      "version": "5.0.1",
      "resolved": "https://registry.npmjs.org/ansi-regex/-/ansi-regex-5.0.1.tgz",
      "integrity": "sha512-quJQXlTSUGL2LH9SUXo8VwsY4soanhgo6LNSm84E1LBcE8s3O0wpdiRzyR9z/ZZJMlMWv37qOOb9pdJlMUEKFQ==",
      "engines": {
        "node": ">=8"
      }
    },
    "node_modules/ansi-styles": {
      "version": "4.3.0",
      "resolved": "https://registry.npmjs.org/ansi-styles/-/ansi-styles-4.3.0.tgz",
      "integrity": "sha512-zbB9rCJAT1rbjiVDb2hqKFHNYLxgtk8NURxZ3IZwD3F6NtxbXZQCnnSi1Lkx+IDohdPlFp222wVALIheZJQSEg==",
      "dependencies": {
        "color-convert": "^2.0.1"
      },
      "engines": {
        "node": ">=8"
      },
      "funding": {
        "url": "https://github.com/chalk/ansi-styles?sponsor=1"
      }
    },
    "node_modules/array-differ": {
      "version": "3.0.0",
      "resolved": "https://registry.npmjs.org/array-differ/-/array-differ-3.0.0.tgz",
      "integrity": "sha512-THtfYS6KtME/yIAhKjZ2ul7XI96lQGHRputJQHO80LAWQnuGP4iCIN8vdMRboGbIEYBwU33q8Tch1os2+X0kMg==",
      "engines": {
        "node": ">=8"
      }
    },
    "node_modules/array-union": {
      "version": "2.1.0",
      "resolved": "https://registry.npmjs.org/array-union/-/array-union-2.1.0.tgz",
      "integrity": "sha512-HGyxoOTYUyCM6stUe6EJgnd4EoewAI7zMdfqO+kGjnlZmBDz/cR5pf8r/cR4Wq60sL/p0IkcjUEEPwS3GFrIyw==",
      "engines": {
        "node": ">=8"
      }
    },
    "node_modules/arrify": {
      "version": "2.0.1",
      "resolved": "https://registry.npmjs.org/arrify/-/arrify-2.0.1.tgz",
      "integrity": "sha512-3duEwti880xqi4eAMN8AyR4a0ByT90zoYdLlevfrvU43vb0YZwZVfxOgxWrLXXXpyugL0hNZc9G6BiB5B3nUug==",
      "engines": {
        "node": ">=8"
      }
    },
    "node_modules/balanced-match": {
      "version": "1.0.2",
      "resolved": "https://registry.npmjs.org/balanced-match/-/balanced-match-1.0.2.tgz",
      "integrity": "sha512-3oSeUO0TMV67hN1AmbXsK4yaqU7tjiHlbxRDZOpH0KW9+CeX4bRAaX0Anxt0tx2MrpRpWwQaPwIlISEJhYU5Pw=="
    },
    "node_modules/basic-ftp": {
      "version": "5.0.5",
      "resolved": "https://registry.npmjs.org/basic-ftp/-/basic-ftp-5.0.5.tgz",
      "integrity": "sha512-4Bcg1P8xhUuqcii/S0Z9wiHIrQVPMermM1any+MX5GeGD7faD3/msQUDGLol9wOcz4/jbg/WJnGqoJF6LiBdtg==",
      "engines": {
        "node": ">=10.0.0"
      }
    },
    "node_modules/brace-expansion": {
      "version": "1.1.12",
      "resolved": "https://registry.npmjs.org/brace-expansion/-/brace-expansion-1.1.12.tgz",
      "integrity": "sha512-9T9UjW3r0UW5c1Q7GTwllptXwhvYmEzFhzMfZ9H7FQWt+uZePjZPjBP/W1ZEyZ1twGWom5/56TF4lPcqjnDHcg==",
      "dependencies": {
        "balanced-match": "^1.0.0",
        "concat-map": "0.0.1"
      }
    },
    "node_modules/cliui": {
      "version": "8.0.1",
      "resolved": "https://registry.npmjs.org/cliui/-/cliui-8.0.1.tgz",
      "integrity": "sha512-BSeNnyus75C4//NQ9gQt1/csTXyo/8Sb+afLAkzAptFuMsod9HFokGNudZpi/oQV73hnVK+sR+5PVRMd+Dr7YQ==",
      "dependencies": {
        "string-width": "^4.2.0",
        "strip-ansi": "^6.0.1",
        "wrap-ansi": "^7.0.0"
      },
      "engines": {
        "node": ">=12"
      }
    },
    "node_modules/color-convert": {
      "version": "2.0.1",
      "resolved": "https://registry.npmjs.org/color-convert/-/color-convert-2.0.1.tgz",
      "integrity": "sha512-RRECPsj7iu/xb5oKYcsFHSppFNnsj/52OVTRKb4zP5onXwVF3zVmmToNcOfGC+CRDpfK/U584fMg38ZHCaElKQ==",
      "dependencies": {
        "color-name": "~1.1.4"
      },
      "engines": {
        "node": ">=7.0.0"
      }
    },
    "node_modules/color-name": {
      "version": "1.1.4",
      "resolved": "https://registry.npmjs.org/color-name/-/color-name-1.1.4.tgz",
      "integrity": "sha512-dOy+3AuW3a2wNbZHIuMZpTcgjGuLU/uBL/ubcZF9OXbDo8ff4O8yVp5Bf0efS8uEoYo5q4Fx7dY9OgQGXgAsQA=="
    },
    "node_modules/commander": {
      "version": "14.0.0",
      "resolved": "https://registry.npmjs.org/commander/-/commander-14.0.0.tgz",
      "integrity": "sha512-2uM9rYjPvyq39NwLRqaiLtWHyDC1FvryJDa2ATTVims5YAS4PupsEQsDvP14FqhFr0P49CYDugi59xaxJlTXRA==",
      "engines": {
        "node": ">=20"
      }
    },
    "node_modules/concat-map": {
      "version": "0.0.1",
      "resolved": "https://registry.npmjs.org/concat-map/-/concat-map-0.0.1.tgz",
      "integrity": "sha512-/Srv4dswyQNBfohGpz9o6Yb3Gz3SrUDqBH5rTuhGR7ahtlbYKnVxw2bCFMRljaA7EXHaXZ8wsHdodFvbkhKmqg=="
    },
    "node_modules/emoji-regex": {
      "version": "8.0.0",
      "resolved": "https://registry.npmjs.org/emoji-regex/-/emoji-regex-8.0.0.tgz",
      "integrity": "sha512-MSjYzcWNOA0ewAHpz0MxpYFvwg6yjy1NG3xteoqz644VCo/RPgnr1/GGt+ic3iJTzQ8Eu3TdM14SawnVUmGE6A=="
    },
    "node_modules/escalade": {
      "version": "3.2.0",
      "resolved": "https://registry.npmjs.org/escalade/-/escalade-3.2.0.tgz",
      "integrity": "sha512-WUj2qlxaQtO4g6Pq5c29GTcWGDyd8itL8zTlipgECz3JesAiiOKotd8JU6otB3PACgG6xkJUyVhboMS+bje/jA==",
      "engines": {
        "node": ">=6"
      }
    },
    "node_modules/get-caller-file": {
      "version": "2.0.5",
      "resolved": "https://registry.npmjs.org/get-caller-file/-/get-caller-file-2.0.5.tgz",
      "integrity": "sha512-DyFP3BM/3YHTQOCUL/w0OZHR0lpKeGrxotcHWcqNEdnltqFwXVfhEBQ94eIo34AfQpo0rGki4cyIiftY06h2Fg==",
      "engines": {
        "node": "6.* || 8.* || >= 10.*"
      }
    },
    "node_modules/glob-to-regexp": {
      "version": "0.4.1",
      "resolved": "https://registry.npmjs.org/glob-to-regexp/-/glob-to-regexp-0.4.1.tgz",
      "integrity": "sha512-lkX1HJXwyMcprw/5YUZc2s7DrpAiHB21/V+E1rHUrVNokkvB6bqMzT0VfV6/86ZNabt1k14YOIaT7nDvOX3Iiw=="
    },
    "node_modules/is-fullwidth-code-point": {
      "version": "3.0.0",
      "resolved": "https://registry.npmjs.org/is-fullwidth-code-point/-/is-fullwidth-code-point-3.0.0.tgz",
      "integrity": "sha512-zymm5+u+sCsSWyD9qNaejV3DFvhCKclKdizYaJUuHA83RLjb7nSuGnddCHGv0hk+KY7BMAlsWeK4Ueg6EV6XQg==",
      "engines": {
        "node": ">=8"
      }
    },
    "node_modules/lodash": {
      "version": "4.17.21",
      "resolved": "https://registry.npmjs.org/lodash/-/lodash-4.17.21.tgz",
      "integrity": "sha512-v2kDEe57lecTulaDIuNTPy3Ry4gLGJ6Z1O3vE1krgXZNrsQ+LFTGHVxVjcXPs17LhbZVGedAJv8XZ1tvj5FvSg=="
    },
    "node_modules/minimatch": {
      "version": "3.1.2",
      "resolved": "https://registry.npmjs.org/minimatch/-/minimatch-3.1.2.tgz",
      "integrity": "sha512-J7p63hRiAjw1NDEww1W7i37+ByIrOWO5XQQAzZ3VOcL0PNybwpfmV/N05zFAzwQ9USyEcX6t3UO+K5aqBQOIHw==",
      "dependencies": {
        "brace-expansion": "^1.1.7"
      },
      "engines": {
        "node": "*"
      }
    },
    "node_modules/multimatch": {
      "version": "5.0.0",
      "resolved": "https://registry.npmjs.org/multimatch/-/multimatch-5.0.0.tgz",
      "integrity": "sha512-ypMKuglUrZUD99Tk2bUQ+xNQj43lPEfAeX2o9cTteAmShXy2VHDJpuwu1o0xqoKCt9jLVAvwyFKdLTPXKAfJyA==",
      "dependencies": {
        "@types/minimatch": "^3.0.3",
        "array-differ": "^3.0.0",
        "array-union": "^2.1.0",
        "arrify": "^2.0.1",
        "minimatch": "^3.0.4"
      },
      "engines": {
        "node": ">=10"
      },
      "funding": {
        "url": "https://github.com/sponsors/sindresorhus"
      }
    },
    "node_modules/parse-ms": {
      "version": "2.1.0",
      "resolved": "https://registry.npmjs.org/parse-ms/-/parse-ms-2.1.0.tgz",
      "integrity": "sha512-kHt7kzLoS9VBZfUsiKjv43mr91ea+U05EyKkEtqp7vNbHxmaVuEqN7XxeEVnGrMtYOAxGrDElSi96K7EgO1zCA==",
      "engines": {
        "node": ">=6"
      }
    },
    "node_modules/pretty-bytes": {
      "version": "5.6.0",
      "resolved": "https://registry.npmjs.org/pretty-bytes/-/pretty-bytes-5.6.0.tgz",
      "integrity": "sha512-FFw039TmrBqFK8ma/7OL3sDz/VytdtJr044/QUJtH0wK9lb9jLq9tJyIxUwtQJHwar2BqtiA4iCWSwo9JLkzFg==",
      "engines": {
        "node": ">=6"
      },
      "funding": {
        "url": "https://github.com/sponsors/sindresorhus"
      }
    },
    "node_modules/pretty-ms": {
      "version": "7.0.1",
      "resolved": "https://registry.npmjs.org/pretty-ms/-/pretty-ms-7.0.1.tgz",
      "integrity": "sha512-973driJZvxiGOQ5ONsFhOF/DtzPMOMtgC11kCpUrPGMTgqp2q/1gwzCquocrN33is0VZ5GFHXZYMM9l6h67v2Q==",
      "dependencies": {
        "parse-ms": "^2.1.0"
      },
      "engines": {
        "node": ">=10"
      },
      "funding": {
        "url": "https://github.com/sponsors/sindresorhus"
      }
    },
    "node_modules/readdir-enhanced": {
      "version": "6.0.4",
      "resolved": "https://registry.npmjs.org/readdir-enhanced/-/readdir-enhanced-6.0.4.tgz",
      "integrity": "sha512-MWY048D/nEpHwqdnsBiUxpqjJPkEw2i2RmY5gM2Gadn0rkHS/DhUBqrYTkOqKHF4RoUlYZZ8GnP4ymlRGuo30A==",
      "dependencies": {
        "@jsdevtools/readdir-enhanced": "6.0.4"
      },
      "engines": {
        "node": ">=10"
      }
    },
    "node_modules/require-directory": {
      "version": "2.1.1",
      "resolved": "https://registry.npmjs.org/require-directory/-/require-directory-2.1.1.tgz",
      "integrity": "sha512-fGxEI7+wsG9xrvdjsrlmL22OMTTiHRwAMroiEeMgq8gzoLC/PQr7RsRDSTLUg/bZAZtF+TVIkHc6/4RIKrui+Q==",
      "engines": {
        "node": ">=0.10.0"
      }
    },
    "node_modules/string-width": {
      "version": "4.2.3",
      "resolved": "https://registry.npmjs.org/string-width/-/string-width-4.2.3.tgz",
      "integrity": "sha512-wKyQRQpjJ0sIp62ErSZdGsjMJWsap5oRNihHhu6G7JVO/9jIB6UyevL+tXuOqrng8j/cxKTWyWUwvSTriiZz/g==",
      "dependencies": {
        "emoji-regex": "^8.0.0",
        "is-fullwidth-code-point": "^3.0.0",
        "strip-ansi": "^6.0.1"
      },
      "engines": {
        "node": ">=8"
      }
    },
    "node_modules/strip-ansi": {
      "version": "6.0.1",
      "resolved": "https://registry.npmjs.org/strip-ansi/-/strip-ansi-6.0.1.tgz",
      "integrity": "sha512-Y38VPSHcqkFrCpFnQ9vuSXmquuv5oXOKpGeT6aGrr3o3Gc9AlVa6JBfUSOCnbxGGZF+/0ooI7KrPuUSztUdU5A==",
      "dependencies": {
        "ansi-regex": "^5.0.1"
      },
      "engines": {
        "node": ">=8"
      }
    },
    "node_modules/wrap-ansi": {
      "version": "7.0.0",
      "resolved": "https://registry.npmjs.org/wrap-ansi/-/wrap-ansi-7.0.0.tgz",
      "integrity": "sha512-YVGIj2kamLSTxw6NsZjoBxfSwsn0ycdesmc4p+Q21c5zPuZ1pl+NfxVdxPtdHvmNVOQ6XSYG4AUtyt/Fi7D16Q==",
      "dependencies": {
        "ansi-styles": "^4.0.0",
        "string-width": "^4.1.0",
        "strip-ansi": "^6.0.0"
      },
      "engines": {
        "node": ">=10"
      },
      "funding": {
        "url": "https://github.com/chalk/wrap-ansi?sponsor=1"
      }
    },
    "node_modules/y18n": {
      "version": "5.0.8",
      "resolved": "https://registry.npmjs.org/y18n/-/y18n-5.0.8.tgz",
      "integrity": "sha512-0pfFzegeDWJHJIAmTLRP2DwHjdF5s7jo9tuztdQxAhINCdvS+3nGINqPd00AphqJR/0LhANUS6/+7SCb98YOfA==",
      "engines": {
        "node": ">=10"
      }
    },
    "node_modules/yargs": {
      "version": "17.7.2",
      "resolved": "https://registry.npmjs.org/yargs/-/yargs-17.7.2.tgz",
      "integrity": "sha512-7dSzzRQ++CKnNI/krKnYRV7JKKPUXMEh61soaHKg9mrWEhzFWhFnxPxGl+69cD1Ou63C13NUPCnmIcrvqCuM6w==",
      "dependencies": {
        "cliui": "^8.0.1",
        "escalade": "^3.1.1",
        "get-caller-file": "^2.0.5",
        "require-directory": "^2.1.1",
        "string-width": "^4.2.3",
        "y18n": "^5.0.5",
        "yargs-parser": "^21.1.1"
      },
      "engines": {
        "node": ">=12"
      }
    },
    "node_modules/yargs-parser": {
      "version": "21.1.1",
      "resolved": "https://registry.npmjs.org/yargs-parser/-/yargs-parser-21.1.1.tgz",
      "integrity": "sha512-tVpsJW7DdjecAiFpbIB1e3qxIQsE6NoPc5/eTdrbbIC4h0LVsWhnoa3g+m2HclBIujHzsxZ4VJVA+GUuc2/LBw==",
      "engines": {
        "node": ">=12"
      }
    }
  }
}
